
Microsoft Visual Studio Solution File, Format Version 12.00
# Visual Studio Version 17
VisualStudioVersion = 17.9.34622.214
MinimumVisualStudioVersion = 10.0.40219.1
Project("{FAE04EC0-301F-11D3-BF4B-00C04F79EFBC}") = "Ukol_18_4_24_Priklad3", "Ukol_18_4_24_Priklad3\Ukol_18_4_24_Priklad3.csproj", "{BDEE0D21-4EA9-41CF-B1C1-7C3D2B04B9E2}"
EndProject
Global
	GlobalSection(SolutionConfigurationPlatforms) = preSolution
		Debug|Any CPU = Debug|Any CPU
		Release|Any CPU = Release|Any CPU
	EndGlobalSection
	GlobalSection(ProjectConfigurationPlatforms) = postSolution
		{BDEE0D21-4EA9-41CF-B1C1-7C3D2B04B9E2}.Debug|Any CPU.ActiveCfg = Debug|Any CPU
		{BDEE0D21-4EA9-41CF-B1C1-7C3D2B04B9E2}.Debug|Any CPU.Build.0 = Debug|Any CPU
		{BDEE0D21-4EA9-41CF-B1C1-7C3D2B04B9E2}.Release|Any CPU.ActiveCfg = Release|Any CPU
		{BDEE0D21-4EA9-41CF-B1C1-7C3D2B04B9E2}.Release|Any CPU.Build.0 = Release|Any CPU
	EndGlobalSection
	GlobalSection(SolutionProperties) = preSolution
		HideSolutionNode = FALSE
	EndGlobalSection
	GlobalSection(ExtensibilityGlobals) = postSolution
		SolutionGuid = {4008417B-8BCA-43DE-BAA5-AB38131D3E21}
	EndGlobalSection
EndGlobal
